{
  "version": 4,
  "terraform_version": "1.6.4",
  "serial": 26,
  "lineage": "09e75bdb-eceb-8c91-a6e9-408446e8fe1d",
  "outputs": {},
  "resources": [
    {
      "mode": "managed",
      "type": "cloudflare_pages_domain",
      "name": "polite_website_domain",
      "provider": "provider[\"registry.terraform.io/cloudflare/cloudflare\"]",
      "instances": [
        {
          "schema_version": 0,
          "attributes": {
            "account_id": "bf65a0cc4cafaf3adbfcd3feac29dd11",
            "domain": "politedigital.com",
            "id": "21ac2c36-1714-43cb-aaa9-c1a4557bc15c",
            "project_name": "polite-digital",
            "status": "initializing"
          },
          "sensitive_attributes": [],
          "private": "bnVsbA==",
          "dependencies": [
            "cloudflare_pages_project.polite_website"
          ]
        }
      ]
    },
    {
      "mode": "managed",
      "type": "cloudflare_pages_project",
      "name": "polite_website",
      "provider": "provider[\"registry.terraform.io/cloudflare/cloudflare\"]",
      "instances": [
        {
          "schema_version": 0,
          "attributes": {
            "account_id": "bf65a0cc4cafaf3adbfcd3feac29dd11",
            "build_config": [
              {
                "build_caching": false,
                "build_command": "npm run build",
                "destination_dir": "dist",
                "root_dir": "",
                "web_analytics_tag": "",
                "web_analytics_token": ""
              }
            ],
            "created_on": "2025-06-05T21:18:35Z",
            "deployment_configs": [
              {
                "preview": [
                  {
                    "always_use_latest_compatibility_date": false,
                    "compatibility_date": "2025-06-05",
                    "compatibility_flags": [],
                    "d1_databases": {},
                    "durable_object_namespaces": {},
                    "environment_variables": {},
                    "fail_open": false,
                    "kv_namespaces": {},
                    "placement": [
                      {
                        "mode": ""
                      }
                    ],
                    "r2_buckets": {},
                    "secrets": {},
                    "service_binding": [],
                    "usage_model": "standard"
                  }
                ],
                "production": [
                  {
                    "always_use_latest_compatibility_date": false,
                    "compatibility_date": "2025-06-05",
                    "compatibility_flags": [],
                    "d1_databases": {},
                    "durable_object_namespaces": {},
                    "environment_variables": {
                      "PUBLIC_API_URL": "https://api.arky.io",
                      "PUBLIC_BUSINESS_ID": "4429b3d1-e12f-43d4-8232-62da8ae3da85",
                      "PUBLIC_CLIENT_DOMAIN": "https://admin.politedigital.com",
                      "PUBLIC_SITE_URL": "https://politedigital.com",
                      "PUBLIC_STORAGE_URL": "https://storage.arky.io/prod"
                    },
                    "fail_open": false,
                    "kv_namespaces": {},
                    "placement": [
                      {
                        "mode": ""
                      }
                    ],
                    "r2_buckets": {},
                    "secrets": {},
                    "service_binding": [],
                    "usage_model": "bundled"
                  }
                ]
              }
            ],
            "domains": [
              "polite-digital.pages.dev"
            ],
            "id": "polite-digital",
            "name": "polite-digital",
            "production_branch": "master",
            "source": [
              {
                "config": [
                  {
                    "deployments_enabled": true,
                    "owner": "0xDjole",
                    "pr_comments_enabled": true,
                    "preview_branch_excludes": [],
                    "preview_branch_includes": [
                      "*"
                    ],
                    "preview_deployment_setting": "all",
                    "production_branch": "master",
                    "production_deployment_enabled": true,
                    "repo_name": "polite-digital"
                  }
                ],
                "type": "github"
              }
            ],
            "subdomain": "polite-digital.pages.dev"
          },
          "sensitive_attributes": [],
          "private": "bnVsbA=="
        }
      ]
    },
    {
      "mode": "managed",
      "type": "cloudflare_record",
      "name": "polite_website_domain",
      "provider": "provider[\"registry.terraform.io/cloudflare/cloudflare\"]",
      "instances": [
        {
          "schema_version": 3,
          "attributes": {
            "allow_overwrite": false,
            "comment": "",
            "content": "polite-digital.pages.dev",
            "created_on": "2025-08-27T21:54:47.472299Z",
            "data": [],
            "hostname": "politedigital.com",
            "id": "2307140eed92dd6f6ce2f4340a3b4265",
            "metadata": {},
            "modified_on": "2025-08-27T21:54:47.472299Z",
            "name": "politedigital.com",
            "priority": null,
            "proxiable": true,
            "proxied": true,
            "tags": null,
            "timeouts": null,
            "ttl": 1,
            "type": "CNAME",
            "value": null,
            "zone_id": "0f236ce6df0ff1be8259e6cc47c4e177"
          },
          "sensitive_attributes": [],
          "private": "eyJlMmJmYjczMC1lY2FhLTExZTYtOGY4OC0zNDM2M2JjN2M0YzAiOnsiY3JlYXRlIjozMDAwMDAwMDAwMCwidXBkYXRlIjozMDAwMDAwMDAwMH0sInNjaGVtYV92ZXJzaW9uIjoiMyJ9",
          "dependencies": [
            "cloudflare_pages_project.polite_website"
          ]
        }
      ]
    },
    {
      "mode": "managed",
      "type": "cloudflare_record",
      "name": "polite_website_www_cname",
      "provider": "provider[\"registry.terraform.io/cloudflare/cloudflare\"]",
      "instances": [
        {
          "schema_version": 3,
          "attributes": {
            "allow_overwrite": false,
            "comment": "",
            "content": "politedigital.com",
            "created_on": "2025-08-27T21:54:46.003564Z",
            "data": [],
            "hostname": "www.politedigital.com",
            "id": "e41befc7675ec2fa03ac0cf4b387e094",
            "metadata": {},
            "modified_on": "2025-08-27T21:54:46.003564Z",
            "name": "www.politedigital.com",
            "priority": null,
            "proxiable": true,
            "proxied": true,
            "tags": null,
            "timeouts": null,
            "ttl": 1,
            "type": "CNAME",
            "value": null,
            "zone_id": "0f236ce6df0ff1be8259e6cc47c4e177"
          },
          "sensitive_attributes": [],
          "private": "eyJlMmJmYjczMC1lY2FhLTExZTYtOGY4OC0zNDM2M2JjN2M0YzAiOnsiY3JlYXRlIjozMDAwMDAwMDAwMCwidXBkYXRlIjozMDAwMDAwMDAwMH0sInNjaGVtYV92ZXJzaW9uIjoiMyJ9"
        }
      ]
    }
  ],
  "check_results": null
}
